Microsoft Visual Studio Solution File, Format Version 10.00
# Visual Studio 2008
Project("{EAF909A5-FA59-4C3D-9431-0FCC20D5BCF9}") = "AMD", "AMD\AMD.icproj", "{4686D206-86BC-449C-B744-9C649D25D903}"
EndProject
Project("{EAF909A5-FA59-4C3D-9431-0FCC20D5BCF9}") = "BTF", "BTF\BTF.icproj", "{3CCA66F8-3024-4B87-81A0-8E2D8938F032}"
EndProject
Project("{EAF909A5-FA59-4C3D-9431-0FCC20D5BCF9}") = "COLAMD", "COLAMD\COLAMD.icproj", "{8E50707F-3BD3-4FBA-9DCB-49E3DC233F9D}"
EndProject
Project("{EAF909A5-FA59-4C3D-9431-0FCC20D5BCF9}") = "CSparse", "CSparse\CSparse.icproj", "{23260122-0E6D-4DF5-A85C-40A76F7620ED}"
EndProject
Project("{EAF909A5-FA59-4C3D-9431-0FCC20D5BCF9}") = "CZSparse", "CZSparse\CZSparse.icproj", "{407A7E15-F24E-4F5E-82B3-A19ABBC30B66}"
EndProject
Project("{EAF909A5-FA59-4C3D-9431-0FCC20D5BCF9}") = "KLU", "KLU\KLU.icproj", "{6741105E-B9F3-42CE-8242-5ECAD7C940B1}"
EndProject
Project("{EAF909A5-FA59-4C3D-9431-0FCC20D5BCF9}") = "Demo", "KLU\Demo\Demo.icproj", "{5F3E6638-57F5-42CA-92E1-7609956173C9}"
	ProjectSection(ProjectDependencies) = postProject
		{8E50707F-3BD3-4FBA-9DCB-49E3DC233F9D} = {8E50707F-3BD3-4FBA-9DCB-49E3DC233F9D}
		{23260122-0E6D-4DF5-A85C-40A76F7620ED} = {23260122-0E6D-4DF5-A85C-40A76F7620ED}
		{407A7E15-F24E-4F5E-82B3-A19ABBC30B66} = {407A7E15-F24E-4F5E-82B3-A19ABBC30B66}
		{4686D206-86BC-449C-B744-9C649D25D903} = {4686D206-86BC-449C-B744-9C649D25D903}
		{6741105E-B9F3-42CE-8242-5ECAD7C940B1} = {6741105E-B9F3-42CE-8242-5ECAD7C940B1}
		{3CCA66F8-3024-4B87-81A0-8E2D8938F032} = {3CCA66F8-3024-4B87-81A0-8E2D8938F032}
	EndProjectSection
EndProject
Project("{EAF909A5-FA59-4C3D-9431-0FCC20D5BCF9}") = "KLUSolve", "KLUSolve\KLUSolve.icproj", "{962968EB-10AA-4E79-A78E-387BA8855AED}"
	ProjectSection(ProjectDependencies) = postProject
		{8E50707F-3BD3-4FBA-9DCB-49E3DC233F9D} = {8E50707F-3BD3-4FBA-9DCB-49E3DC233F9D}
		{23260122-0E6D-4DF5-A85C-40A76F7620ED} = {23260122-0E6D-4DF5-A85C-40A76F7620ED}
		{407A7E15-F24E-4F5E-82B3-A19ABBC30B66} = {407A7E15-F24E-4F5E-82B3-A19ABBC30B66}
		{4686D206-86BC-449C-B744-9C649D25D903} = {4686D206-86BC-449C-B744-9C649D25D903}
		{6741105E-B9F3-42CE-8242-5ECAD7C940B1} = {6741105E-B9F3-42CE-8242-5ECAD7C940B1}
		{3CCA66F8-3024-4B87-81A0-8E2D8938F032} = {3CCA66F8-3024-4B87-81A0-8E2D8938F032}
	EndProjectSection
EndProject
Global
	GlobalSection(SolutionConfigurationPlatforms) = preSolution
		Debug|Win32 = Debug|Win32
		Release|Win32 = Release|Win32
	EndGlobalSection
	GlobalSection(ProjectConfigurationPlatforms) = postSolution
		{4686D206-86BC-449C-B744-9C649D25D903}.Debug|Win32.ActiveCfg = Debug|Win32
		{4686D206-86BC-449C-B744-9C649D25D903}.Debug|Win32.Build.0 = Debug|Win32
		{4686D206-86BC-449C-B744-9C649D25D903}.Release|Win32.ActiveCfg = Release|Win32
		{4686D206-86BC-449C-B744-9C649D25D903}.Release|Win32.Build.0 = Release|Win32
		{3CCA66F8-3024-4B87-81A0-8E2D8938F032}.Debug|Win32.ActiveCfg = Debug|Win32
		{3CCA66F8-3024-4B87-81A0-8E2D8938F032}.Debug|Win32.Build.0 = Debug|Win32
		{3CCA66F8-3024-4B87-81A0-8E2D8938F032}.Release|Win32.ActiveCfg = Release|Win32
		{3CCA66F8-3024-4B87-81A0-8E2D8938F032}.Release|Win32.Build.0 = Release|Win32
		{8E50707F-3BD3-4FBA-9DCB-49E3DC233F9D}.Debug|Win32.ActiveCfg = Debug|Win32
		{8E50707F-3BD3-4FBA-9DCB-49E3DC233F9D}.Debug|Win32.Build.0 = Debug|Win32
		{8E50707F-3BD3-4FBA-9DCB-49E3DC233F9D}.Release|Win32.ActiveCfg = Release|Win32
		{8E50707F-3BD3-4FBA-9DCB-49E3DC233F9D}.Release|Win32.Build.0 = Release|Win32
		{23260122-0E6D-4DF5-A85C-40A76F7620ED}.Debug|Win32.ActiveCfg = Debug|Win32
		{23260122-0E6D-4DF5-A85C-40A76F7620ED}.Debug|Win32.Build.0 = Debug|Win32
		{23260122-0E6D-4DF5-A85C-40A76F7620ED}.Release|Win32.ActiveCfg = Release|Win32
		{23260122-0E6D-4DF5-A85C-40A76F7620ED}.Release|Win32.Build.0 = Release|Win32
		{407A7E15-F24E-4F5E-82B3-A19ABBC30B66}.Debug|Win32.ActiveCfg = Debug|Win32
		{407A7E15-F24E-4F5E-82B3-A19ABBC30B66}.Debug|Win32.Build.0 = Debug|Win32
		{407A7E15-F24E-4F5E-82B3-A19ABBC30B66}.Release|Win32.ActiveCfg = Release|Win32
		{407A7E15-F24E-4F5E-82B3-A19ABBC30B66}.Release|Win32.Build.0 = Release|Win32
		{6741105E-B9F3-42CE-8242-5ECAD7C940B1}.Debug|Win32.ActiveCfg = Debug|Win32
		{6741105E-B9F3-42CE-8242-5ECAD7C940B1}.Debug|Win32.Build.0 = Debug|Win32
		{6741105E-B9F3-42CE-8242-5ECAD7C940B1}.Release|Win32.ActiveCfg = Release|Win32
		{6741105E-B9F3-42CE-8242-5ECAD7C940B1}.Release|Win32.Build.0 = Release|Win32
		{5F3E6638-57F5-42CA-92E1-7609956173C9}.Debug|Win32.ActiveCfg = Debug|Win32
		{5F3E6638-57F5-42CA-92E1-7609956173C9}.Debug|Win32.Build.0 = Debug|Win32
		{5F3E6638-57F5-42CA-92E1-7609956173C9}.Release|Win32.ActiveCfg = Release|Win32
		{5F3E6638-57F5-42CA-92E1-7609956173C9}.Release|Win32.Build.0 = Release|Win32
		{962968EB-10AA-4E79-A78E-387BA8855AED}.Debug|Win32.ActiveCfg = Debug|Win32
		{962968EB-10AA-4E79-A78E-387BA8855AED}.Debug|Win32.Build.0 = Debug|Win32
		{962968EB-10AA-4E79-A78E-387BA8855AED}.Release|Win32.ActiveCfg = Release|Win32
		{962968EB-10AA-4E79-A78E-387BA8855AED}.Release|Win32.Build.0 = Release|Win32
		{94DAF858-423E-4847-9FF2-869D909097A1}.Release|Win32.Build.0 = Release|Win32
		{94DAF858-423E-4847-9FF2-869D909097A1}.Release|Win32.ActiveCfg = Release|Win32
		{94DAF858-423E-4847-9FF2-869D909097A1}.Debug|Win32.Build.0 = Debug|Win32
		{94DAF858-423E-4847-9FF2-869D909097A1}.Debug|Win32.ActiveCfg = Debug|Win32
		{152BEAAD-1401-4598-A547-269CAB0B4396}.Release|Win32.Build.0 = Release|Win32
		{152BEAAD-1401-4598-A547-269CAB0B4396}.Release|Win32.ActiveCfg = Release|Win32
		{152BEAAD-1401-4598-A547-269CAB0B4396}.Debug|Win32.Build.0 = Debug|Win32
		{152BEAAD-1401-4598-A547-269CAB0B4396}.Debug|Win32.ActiveCfg = Debug|Win32
		{9C4D2313-187C-4275-AE28-3E72F6010373}.Release|Win32.Build.0 = Release|Win32
		{9C4D2313-187C-4275-AE28-3E72F6010373}.Release|Win32.ActiveCfg = Release|Win32
		{9C4D2313-187C-4275-AE28-3E72F6010373}.Debug|Win32.Build.0 = Debug|Win32
		{9C4D2313-187C-4275-AE28-3E72F6010373}.Debug|Win32.ActiveCfg = Debug|Win32
		{24630016-5864-4B79-BD0E-0FA4EE63B22D}.Release|Win32.Build.0 = Release|Win32
		{24630016-5864-4B79-BD0E-0FA4EE63B22D}.Release|Win32.ActiveCfg = Release|Win32
		{24630016-5864-4B79-BD0E-0FA4EE63B22D}.Debug|Win32.Build.0 = Debug|Win32
		{24630016-5864-4B79-BD0E-0FA4EE63B22D}.Debug|Win32.ActiveCfg = Debug|Win32
		{BEA55920-15D8-4DFA-AF16-B20385466848}.Release|Win32.Build.0 = Release|Win32
		{BEA55920-15D8-4DFA-AF16-B20385466848}.Release|Win32.ActiveCfg = Release|Win32
		{BEA55920-15D8-4DFA-AF16-B20385466848}.Debug|Win32.Build.0 = Debug|Win32
		{BEA55920-15D8-4DFA-AF16-B20385466848}.Debug|Win32.ActiveCfg = Debug|Win32
		{81B5B36B-FB38-4042-A266-289E06496D36}.Release|Win32.Build.0 = Release|Win32
		{81B5B36B-FB38-4042-A266-289E06496D36}.Release|Win32.ActiveCfg = Release|Win32
		{81B5B36B-FB38-4042-A266-289E06496D36}.Debug|Win32.Build.0 = Debug|Win32
		{81B5B36B-FB38-4042-A266-289E06496D36}.Debug|Win32.ActiveCfg = Debug|Win32
		{D4BB2B28-F51A-4D01-A7A0-B9C18C7492AE}.Release|Win32.Build.0 = Release|Win32
		{D4BB2B28-F51A-4D01-A7A0-B9C18C7492AE}.Release|Win32.ActiveCfg = Release|Win32
		{D4BB2B28-F51A-4D01-A7A0-B9C18C7492AE}.Debug|Win32.Build.0 = Debug|Win32
		{D4BB2B28-F51A-4D01-A7A0-B9C18C7492AE}.Debug|Win32.ActiveCfg = Debug|Win32
		{445DFB84-9E10-4615-9E50-BE154CEBC811}.Release|Win32.Build.0 = Release|Win32
		{445DFB84-9E10-4615-9E50-BE154CEBC811}.Release|Win32.ActiveCfg = Release|Win32
		{445DFB84-9E10-4615-9E50-BE154CEBC811}.Debug|Win32.Build.0 = Debug|Win32
		{445DFB84-9E10-4615-9E50-BE154CEBC811}.Debug|Win32.ActiveCfg = Debug|Win32
	EndGlobalSection
	GlobalSection(SolutionProperties) = preSolution
		HideSolutionNode = FALSE
	EndGlobalSection
EndGlobal
