Microsoft Visual Studio Solution File, Format Version 8.00
Project("{8BC9CEB8-8B4A-11D0-8D11-00A0C91BC942}") = "AMD", "AMD\AMD.vcproj", "{94DAF858-423E-4847-9FF2-869D909097A1}"
	ProjectSection(ProjectDependencies) = postProject
	EndProjectSection
EndProject
Project("{8BC9CEB8-8B4A-11D0-8D11-00A0C91BC942}") = "BTF", "BTF\BTF.vcproj", "{152BEAAD-1401-4598-A547-269CAB0B4396}"
	ProjectSection(ProjectDependencies) = postProject
	EndProjectSection
EndProject
Project("{8BC9CEB8-8B4A-11D0-8D11-00A0C91BC942}") = "COLAMD", "COLAMD\COLAMD.vcproj", "{9C4D2313-187C-4275-AE28-3E72F6010373}"
	ProjectSection(ProjectDependencies) = postProject
	EndProjectSection
EndProject
Project("{8BC9CEB8-8B4A-11D0-8D11-00A0C91BC942}") = "CSparse", "CSparse\CSparse.vcproj", "{24630016-5864-4B79-BD0E-0FA4EE63B22D}"
	ProjectSection(ProjectDependencies) = postProject
	EndProjectSection
EndProject
Project("{8BC9CEB8-8B4A-11D0-8D11-00A0C91BC942}") = "CZSparse", "CZSparse\CZSparse.vcproj", "{BEA55920-15D8-4DFA-AF16-B20385466848}"
	ProjectSection(ProjectDependencies) = postProject
	EndProjectSection
EndProject
Project("{8BC9CEB8-8B4A-11D0-8D11-00A0C91BC942}") = "KLU", "KLU\KLU.vcproj", "{81B5B36B-FB38-4042-A266-289E06496D36}"
	ProjectSection(ProjectDependencies) = postProject
	EndProjectSection
EndProject
Project("{8BC9CEB8-8B4A-11D0-8D11-00A0C91BC942}") = "Demo", "KLU\Demo\Demo.vcproj", "{D4BB2B28-F51A-4D01-A7A0-B9C18C7492AE}"
	ProjectSection(ProjectDependencies) = postProject
		{9C4D2313-187C-4275-AE28-3E72F6010373} = {9C4D2313-187C-4275-AE28-3E72F6010373}
		{24630016-5864-4B79-BD0E-0FA4EE63B22D} = {24630016-5864-4B79-BD0E-0FA4EE63B22D}
		{BEA55920-15D8-4DFA-AF16-B20385466848} = {BEA55920-15D8-4DFA-AF16-B20385466848}
		{94DAF858-423E-4847-9FF2-869D909097A1} = {94DAF858-423E-4847-9FF2-869D909097A1}
		{81B5B36B-FB38-4042-A266-289E06496D36} = {81B5B36B-FB38-4042-A266-289E06496D36}
		{152BEAAD-1401-4598-A547-269CAB0B4396} = {152BEAAD-1401-4598-A547-269CAB0B4396}
	EndProjectSection
EndProject
Project("{8BC9CEB8-8B4A-11D0-8D11-00A0C91BC942}") = "KLUSolve", "KLUSolve\KLUSolve.vcproj", "{445DFB84-9E10-4615-9E50-BE154CEBC811}"
	ProjectSection(ProjectDependencies) = postProject
		{9C4D2313-187C-4275-AE28-3E72F6010373} = {9C4D2313-187C-4275-AE28-3E72F6010373}
		{24630016-5864-4B79-BD0E-0FA4EE63B22D} = {24630016-5864-4B79-BD0E-0FA4EE63B22D}
		{BEA55920-15D8-4DFA-AF16-B20385466848} = {BEA55920-15D8-4DFA-AF16-B20385466848}
		{94DAF858-423E-4847-9FF2-869D909097A1} = {94DAF858-423E-4847-9FF2-869D909097A1}
		{81B5B36B-FB38-4042-A266-289E06496D36} = {81B5B36B-FB38-4042-A266-289E06496D36}
		{152BEAAD-1401-4598-A547-269CAB0B4396} = {152BEAAD-1401-4598-A547-269CAB0B4396}
	EndProjectSection
EndProject
Global
	GlobalSection(SolutionConfiguration) = preSolution
		Debug = Debug
		Release = Release
	EndGlobalSection
	GlobalSection(ProjectConfiguration) = postSolution
		{94DAF858-423E-4847-9FF2-869D909097A1}.Debug.ActiveCfg = Debug|Win32
		{94DAF858-423E-4847-9FF2-869D909097A1}.Debug.Build.0 = Debug|Win32
		{94DAF858-423E-4847-9FF2-869D909097A1}.Release.ActiveCfg = Release|Win32
		{94DAF858-423E-4847-9FF2-869D909097A1}.Release.Build.0 = Release|Win32
		{152BEAAD-1401-4598-A547-269CAB0B4396}.Debug.ActiveCfg = Debug|Win32
		{152BEAAD-1401-4598-A547-269CAB0B4396}.Debug.Build.0 = Debug|Win32
		{152BEAAD-1401-4598-A547-269CAB0B4396}.Release.ActiveCfg = Release|Win32
		{152BEAAD-1401-4598-A547-269CAB0B4396}.Release.Build.0 = Release|Win32
		{9C4D2313-187C-4275-AE28-3E72F6010373}.Debug.ActiveCfg = Debug|Win32
		{9C4D2313-187C-4275-AE28-3E72F6010373}.Debug.Build.0 = Debug|Win32
		{9C4D2313-187C-4275-AE28-3E72F6010373}.Release.ActiveCfg = Release|Win32
		{9C4D2313-187C-4275-AE28-3E72F6010373}.Release.Build.0 = Release|Win32
		{24630016-5864-4B79-BD0E-0FA4EE63B22D}.Debug.ActiveCfg = Debug|Win32
		{24630016-5864-4B79-BD0E-0FA4EE63B22D}.Debug.Build.0 = Debug|Win32
		{24630016-5864-4B79-BD0E-0FA4EE63B22D}.Release.ActiveCfg = Release|Win32
		{24630016-5864-4B79-BD0E-0FA4EE63B22D}.Release.Build.0 = Release|Win32
		{BEA55920-15D8-4DFA-AF16-B20385466848}.Debug.ActiveCfg = Debug|Win32
		{BEA55920-15D8-4DFA-AF16-B20385466848}.Debug.Build.0 = Debug|Win32
		{BEA55920-15D8-4DFA-AF16-B20385466848}.Release.ActiveCfg = Release|Win32
		{BEA55920-15D8-4DFA-AF16-B20385466848}.Release.Build.0 = Release|Win32
		{81B5B36B-FB38-4042-A266-289E06496D36}.Debug.ActiveCfg = Debug|Win32
		{81B5B36B-FB38-4042-A266-289E06496D36}.Debug.Build.0 = Debug|Win32
		{81B5B36B-FB38-4042-A266-289E06496D36}.Release.ActiveCfg = Release|Win32
		{81B5B36B-FB38-4042-A266-289E06496D36}.Release.Build.0 = Release|Win32
		{D4BB2B28-F51A-4D01-A7A0-B9C18C7492AE}.Debug.ActiveCfg = Debug|Win32
		{D4BB2B28-F51A-4D01-A7A0-B9C18C7492AE}.Debug.Build.0 = Debug|Win32
		{D4BB2B28-F51A-4D01-A7A0-B9C18C7492AE}.Release.ActiveCfg = Release|Win32
		{D4BB2B28-F51A-4D01-A7A0-B9C18C7492AE}.Release.Build.0 = Release|Win32
		{445DFB84-9E10-4615-9E50-BE154CEBC811}.Debug.ActiveCfg = Debug|Win32
		{445DFB84-9E10-4615-9E50-BE154CEBC811}.Debug.Build.0 = Debug|Win32
		{445DFB84-9E10-4615-9E50-BE154CEBC811}.Release.ActiveCfg = Release|Win32
		{445DFB84-9E10-4615-9E50-BE154CEBC811}.Release.Build.0 = Release|Win32
	EndGlobalSection
	GlobalSection(ExtensibilityGlobals) = postSolution
	EndGlobalSection
	GlobalSection(ExtensibilityAddIns) = postSolution
	EndGlobalSection
EndGlobal
