<?xml version="1.0" encoding="utf-8"?>
<Project ToolsVersion="4.0" xmlns="http://schemas.microsoft.com/developer/msbuild/2003">
  <ItemGroup>
    <Filter Include="Source Files">
      <UniqueIdentifier>{4FC737F1-C7A5-4376-A066-2A32D752A2FF}</UniqueIdentifier>
      <Extensions>cpp;c;cxx;def;odl;idl;hpj;bat;asm;asmx</Extensions>
    </Filter>
    <Filter Include="Header Files">
      <UniqueIdentifier>{93995380-89BD-4b04-88EB-625FBE52EBFB}</UniqueIdentifier>
      <Extensions>h;hpp;hxx;hm;inl;inc;xsd</Extensions>
    </Filter>
    <Filter Include="Doc">
      <UniqueIdentifier>{55865069-9f13-4629-94b8-d2b25e365a2f}</UniqueIdentifier>
    </Filter>
  </ItemGroup>
  <ItemGroup>
    <ClCompile Include="Source\klu.c">
      <Filter>Source Files</Filter>
    </ClCompile>
    <ClCompile Include="Source\klu_analyze.c">
      <Filter>Source Files</Filter>
    </ClCompile>
    <ClCompile Include="Source\klu_analyze_given.c">
      <Filter>Source Files</Filter>
    </ClCompile>
    <ClCompile Include="Source\klu_defaults.c">
      <Filter>Source Files</Filter>
    </ClCompile>
    <ClCompile Include="Source\klu_diagnostics.c">
      <Filter>Source Files</Filter>
    </ClCompile>
    <ClCompile Include="Source\klu_dump.c">
      <Filter>Source Files</Filter>
    </ClCompile>
    <ClCompile Include="Source\klu_extract.c">
      <Filter>Source Files</Filter>
    </ClCompile>
    <ClCompile Include="Source\klu_factor.c">
      <Filter>Source Files</Filter>
    </ClCompile>
    <ClCompile Include="Source\klu_free_numeric.c">
      <Filter>Source Files</Filter>
    </ClCompile>
    <ClCompile Include="Source\klu_free_symbolic.c">
      <Filter>Source Files</Filter>
    </ClCompile>
    <ClCompile Include="Source\klu_kernel.c">
      <Filter>Source Files</Filter>
    </ClCompile>
    <ClCompile Include="Source\klu_memory.c">
      <Filter>Source Files</Filter>
    </ClCompile>
    <ClCompile Include="Source\klu_refactor.c">
      <Filter>Source Files</Filter>
    </ClCompile>
    <ClCompile Include="Source\klu_scale.c">
      <Filter>Source Files</Filter>
    </ClCompile>
    <ClCompile Include="Source\klu_solve.c">
      <Filter>Source Files</Filter>
    </ClCompile>
    <ClCompile Include="Source\klu_sort.c">
      <Filter>Source Files</Filter>
    </ClCompile>
    <ClCompile Include="Source\klu_tsolve.c">
      <Filter>Source Files</Filter>
    </ClCompile>
    <ClCompile Include="Source\klu_z_stuff.c">
      <Filter>Source Files</Filter>
    </ClCompile>
  </ItemGroup>
  <ItemGroup>
    <ClInclude Include="..\Include\amd.h">
      <Filter>Header Files</Filter>
    </ClInclude>
    <ClInclude Include="..\Include\btf.h">
      <Filter>Header Files</Filter>
    </ClInclude>
    <ClInclude Include="..\Include\colamd.h">
      <Filter>Header Files</Filter>
    </ClInclude>
    <ClInclude Include="..\Include\cs.h">
      <Filter>Header Files</Filter>
    </ClInclude>
    <ClInclude Include="..\Include\csz.h">
      <Filter>Header Files</Filter>
    </ClInclude>
    <ClInclude Include="..\Include\klu.h">
      <Filter>Header Files</Filter>
    </ClInclude>
    <ClInclude Include="Include\klu_internal.h">
      <Filter>Header Files</Filter>
    </ClInclude>
    <ClInclude Include="Include\klu_version.h">
      <Filter>Header Files</Filter>
    </ClInclude>
    <ClInclude Include="..\Include\UFconfig.h">
      <Filter>Header Files</Filter>
    </ClInclude>
  </ItemGroup>
  <ItemGroup>
    <None Include="Doc\ChangeLog">
      <Filter>Doc</Filter>
    </None>
    <None Include="Doc\KLU_UserGuide.pdf">
      <Filter>Doc</Filter>
    </None>
    <None Include="Doc\lesser.txt">
      <Filter>Doc</Filter>
    </None>
    <None Include="Doc\palamadai_e.pdf">
      <Filter>Doc</Filter>
    </None>
    <None Include="README.txt">
      <Filter>Doc</Filter>
    </None>
  </ItemGroup>
</Project>